
Microsoft Visual Studio Solution File, Format Version 12.00
# Visual Studio Version 17
VisualStudioVersion = 17.8.34511.84
MinimumVisualStudioVersion = 10.0.40219.1
Project("{FAE04EC0-301F-11D3-BF4B-00C04F79EFBC}") = "Weapon Management Systems", "Weapon Management Systems\Weapon Management Systems.csproj", "{019F56B5-5CA2-4873-AD38-6A69025E8819}"
EndProject
Global
	GlobalSection(SolutionConfigurationPlatforms) = preSolution
		Debug|Any CPU = Debug|Any CPU
		Release|Any CPU = Release|Any CPU
	EndGlobalSection
	GlobalSection(ProjectConfigurationPlatforms) = postSolution
		{019F56B5-5CA2-4873-AD38-6A69025E8819}.Debug|Any CPU.ActiveCfg = Debug|Any CPU
		{019F56B5-5CA2-4873-AD38-6A69025E8819}.Debug|Any CPU.Build.0 = Debug|Any CPU
		{019F56B5-5CA2-4873-AD38-6A69025E8819}.Release|Any CPU.ActiveCfg = Release|Any CPU
		{019F56B5-5CA2-4873-AD38-6A69025E8819}.Release|Any CPU.Build.0 = Release|Any CPU
	EndGlobalSection
	GlobalSection(SolutionProperties) = preSolution
		HideSolutionNode = FALSE
	EndGlobalSection
	GlobalSection(ExtensibilityGlobals) = postSolution
		SolutionGuid = {AD215B74-7F5E-4AF4-B518-310B64F90EBD}
	EndGlobalSection
EndGlobal
