
Microsoft Visual Studio Solution File, Format Version 12.00
# Visual Studio Version 17
VisualStudioVersion = 17.8.34511.84
MinimumVisualStudioVersion = 10.0.40219.1
Project("{FAE04EC0-301F-11D3-BF4B-00C04F79EFBC}") = "Trai", "Trai\Trai.csproj", "{AC03FEF4-B5BC-413F-ACEC-4087D34A4C8A}"
EndProject
Global
	GlobalSection(SolutionConfigurationPlatforms) = preSolution
		Debug|Any CPU = Debug|Any CPU
		Release|Any CPU = Release|Any CPU
	EndGlobalSection
	GlobalSection(ProjectConfigurationPlatforms) = postSolution
		{AC03FEF4-B5BC-413F-ACEC-4087D34A4C8A}.Debug|Any CPU.ActiveCfg = Debug|Any CPU
		{AC03FEF4-B5BC-413F-ACEC-4087D34A4C8A}.Debug|Any CPU.Build.0 = Debug|Any CPU
		{AC03FEF4-B5BC-413F-ACEC-4087D34A4C8A}.Release|Any CPU.ActiveCfg = Release|Any CPU
		{AC03FEF4-B5BC-413F-ACEC-4087D34A4C8A}.Release|Any CPU.Build.0 = Release|Any CPU
	EndGlobalSection
	GlobalSection(SolutionProperties) = preSolution
		HideSolutionNode = FALSE
	EndGlobalSection
	GlobalSection(ExtensibilityGlobals) = postSolution
		SolutionGuid = {E219059C-04D8-4DD9-83F7-5B70BD6DC3E7}
	EndGlobalSection
EndGlobal
